
Microsoft Visual Studio Solution File, Format Version 12.00
# Visual Studio Version 17
VisualStudioVersion = 17.3.32929.385
MinimumVisualStudioVersion = 10.0.40219.1
Project("{FAE04EC0-301F-11D3-BF4B-00C04F79EFBC}") = "WindowsFormsApp8", "WindowsFormsApp8.csproj", "{CA1F5F32-485B-4E75-AE6E-1FCDB876FA3D}"
EndProject
Global
	GlobalSection(SolutionConfigurationPlatforms) = preSolution
		Debug|Any CPU = Debug|Any CPU
		Release|Any CPU = Release|Any CPU
	EndGlobalSection
	GlobalSection(ProjectConfigurationPlatforms) = postSolution
		{CA1F5F32-485B-4E75-AE6E-1FCDB876FA3D}.Debug|Any CPU.ActiveCfg = Debug|Any CPU
		{CA1F5F32-485B-4E75-AE6E-1FCDB876FA3D}.Debug|Any CPU.Build.0 = Debug|Any CPU
		{CA1F5F32-485B-4E75-AE6E-1FCDB876FA3D}.Release|Any CPU.ActiveCfg = Release|Any CPU
		{CA1F5F32-485B-4E75-AE6E-1FCDB876FA3D}.Release|Any CPU.Build.0 = Release|Any CPU
	EndGlobalSection
	GlobalSection(SolutionProperties) = preSolution
		HideSolutionNode = FALSE
	EndGlobalSection
	GlobalSection(ExtensibilityGlobals) = postSolution
		SolutionGuid = {3F6CE87D-C08B-480C-94B7-568B0285AC72}
	EndGlobalSection
EndGlobal
